// !$*UTF8*$!
{
	archiveVersion = 1;
	classes = {
	};
	objectVersion = 55;
	objects = {

/* Begin PBXBuildFile section */
		2AB19920278498EC006E3831 /* AppDelegate.swift in Sources */ = {isa = PBXBuildFile; fileRef = 2AB1991F278498EC006E3831 /* AppDelegate.swift */; };
		2AB19922278498EC006E3831 /* ContentView.swift in Sources */ = {isa = PBXBuildFile; fileRef = 2AB19921278498EC006E3831 /* ContentView.swift */; };
		2AB19926278498ED006E3831 /* Assets.xcassets in Resources */ = {isa = PBXBuildFile; fileRef = 2AB19925278498ED006E3831 /* Assets.xcassets */; };
		2AB19929278498ED006E3831 /* Preview Assets.xcassets in Resources */ = {isa = PBXBuildFile; fileRef = 2AB19928278498ED006E3831 /* Preview Assets.xcassets */; };
		2AB1993027849920006E3831 /* ARViewController.swift in Sources */ = {isa = PBXBuildFile; fileRef = 2AB1992F27849920006E3831 /* ARViewController.swift */; };
		2AB1993327849933006E3831 /* MultipeerSession in Frameworks */ = {isa = PBXBuildFile; productRef = 2AB1993227849933006E3831 /* MultipeerSession */; };
		2AB1993B27849BE6006E3831 /* toy_robot_vintage.usdz in Resources */ = {isa = PBXBuildFile; fileRef = 2AB1993827849BE5006E3831 /* toy_robot_vintage.usdz */; };
		2AB1993D27849BE6006E3831 /* toy_biplane.usdz in Resources */ = {isa = PBXBuildFile; fileRef = 2AB1993A27849BE6006E3831 /* toy_biplane.usdz */; };
		2AB199412784D8F0006E3831 /* Model.swift in Sources */ = {isa = PBXBuildFile; fileRef = 2AB199402784D8F0006E3831 /* Model.swift */; };
		2AB199432784E0F8006E3831 /* PlacementButtonsView.swift in Sources */ = {isa = PBXBuildFile; fileRef = 2AB199422784E0F8006E3831 /* PlacementButtonsView.swift */; };
		2AB199452784E153006E3831 /* ModelPickerView.swift in Sources */ = {isa = PBXBuildFile; fileRef = 2AB199442784E153006E3831 /* ModelPickerView.swift */; };
		2AB1994F2784F7D0006E3831 /* goat.usdz in Resources */ = {isa = PBXBuildFile; fileRef = 2AB199462784F7CE006E3831 /* goat.usdz */; };
		2AB199502784F7D0006E3831 /* bear.usdz in Resources */ = {isa = PBXBuildFile; fileRef = 2AB199472784F7CF006E3831 /* bear.usdz */; };
		2AB199512784F7D0006E3831 /* wolf.usdz in Resources */ = {isa = PBXBuildFile; fileRef = 2AB199482784F7CF006E3831 /* wolf.usdz */; };
		2AB199522784F7D0006E3831 /* dog.usdz in Resources */ = {isa = PBXBuildFile; fileRef = 2AB199492784F7CF006E3831 /* dog.usdz */; };
		2AB199532784F7D0006E3831 /* owl.usdz in Resources */ = {isa = PBXBuildFile; fileRef = 2AB1994A2784F7CF006E3831 /* owl.usdz */; };
		2AB199542784F7D0006E3831 /* deer.usdz in Resources */ = {isa = PBXBuildFile; fileRef = 2AB1994B2784F7CF006E3831 /* deer.usdz */; };
		2AB199562784F7D0006E3831 /* peacock.usdz in Resources */ = {isa = PBXBuildFile; fileRef = 2AB1994D2784F7D0006E3831 /* peacock.usdz */; };
		2AB199572784F7D0006E3831 /* cat.usdz in Resources */ = {isa = PBXBuildFile; fileRef = 2AB1994E2784F7D0006E3831 /* cat.usdz */; };
		2AB199592784FCAF006E3831 /* rabbit.usdz in Resources */ = {isa = PBXBuildFile; fileRef = 2AB199582784FCAF006E3831 /* rabbit.usdz */; };
		2AB1995B2784FF18006E3831 /* lion.usdz in Resources */ = {isa = PBXBuildFile; fileRef = 2AB1995A2784FF18006E3831 /* lion.usdz */; };
		2AD7E3342785BC92005A332C /* UserView.swift in Sources */ = {isa = PBXBuildFile; fileRef = 2AD7E3332785BC92005A332C /* UserView.swift */; };
		2AD7E3362785D5CB005A332C /* ConfidenceCardView.swift in Sources */ = {isa = PBXBuildFile; fileRef = 2AD7E3352785D5CB005A332C /* ConfidenceCardView.swift */; };
/* End PBXBuildFile section */

/* Begin PBXFileReference section */
		2AB1991C278498EC006E3831 /* atsumARe.app */ = {isa = PBXFileReference; explicitFileType = wrapper.application; includeInIndex = 0; path = atsumARe.app; sourceTree = BUILT_PRODUCTS_DIR; };
		2AB1991F278498EC006E3831 /* AppDelegate.swift */ = {isa = PBXFileReference; lastKnownFileType = sourcecode.swift; path = AppDelegate.swift; sourceTree = "<group>"; };
		2AB19921278498EC006E3831 /* ContentView.swift */ = {isa = PBXFileReference; lastKnownFileType = sourcecode.swift; path = ContentView.swift; sourceTree = "<group>"; };
		2AB19925278498ED006E3831 /* Assets.xcassets */ = {isa = PBXFileReference; lastKnownFileType = folder.assetcatalog; path = Assets.xcassets; sourceTree = "<group>"; };
		2AB19928278498ED006E3831 /* Preview Assets.xcassets */ = {isa = PBXFileReference; lastKnownFileType = folder.assetcatalog; path = "Preview Assets.xcassets"; sourceTree = "<group>"; };
		2AB1992F27849920006E3831 /* ARViewController.swift */ = {isa = PBXFileReference; lastKnownFileType = sourcecode.swift; path = ARViewController.swift; sourceTree = "<group>"; };
		2AB1993427849984006E3831 /* Info.plist */ = {isa = PBXFileReference; lastKnownFileType = text.plist; path = Info.plist; sourceTree = "<group>"; };
		2AB1993827849BE5006E3831 /* toy_robot_vintage.usdz */ = {isa = PBXFileReference; lastKnownFileType = file.usdz; path = toy_robot_vintage.usdz; sourceTree = "<group>"; };
		2AB1993A27849BE6006E3831 /* toy_biplane.usdz */ = {isa = PBXFileReference; lastKnownFileType = file.usdz; path = toy_biplane.usdz; sourceTree = "<group>"; };
		2AB199402784D8F0006E3831 /* Model.swift */ = {isa = PBXFileReference; lastKnownFileType = sourcecode.swift; path = Model.swift; sourceTree = "<group>"; };
		2AB199422784E0F8006E3831 /* PlacementButtonsView.swift */ = {isa = PBXFileReference; lastKnownFileType = sourcecode.swift; path = PlacementButtonsView.swift; sourceTree = "<group>"; };
		2AB199442784E153006E3831 /* ModelPickerView.swift */ = {isa = PBXFileReference; lastKnownFileType = sourcecode.swift; path = ModelPickerView.swift; sourceTree = "<group>"; };
		2AB199462784F7CE006E3831 /* goat.usdz */ = {isa = PBXFileReference; lastKnownFileType = file.usdz; path = goat.usdz; sourceTree = "<group>"; };
		2AB199472784F7CF006E3831 /* bear.usdz */ = {isa = PBXFileReference; lastKnownFileType = file.usdz; path = bear.usdz; sourceTree = "<group>"; };
		2AB199482784F7CF006E3831 /* wolf.usdz */ = {isa = PBXFileReference; lastKnownFileType = file.usdz; path = wolf.usdz; sourceTree = "<group>"; };
		2AB199492784F7CF006E3831 /* dog.usdz */ = {isa = PBXFileReference; lastKnownFileType = file.usdz; path = dog.usdz; sourceTree = "<group>"; };
		2AB1994A2784F7CF006E3831 /* owl.usdz */ = {isa = PBXFileReference; lastKnownFileType = file.usdz; path = owl.usdz; sourceTree = "<group>"; };
		2AB1994B2784F7CF006E3831 /* deer.usdz */ = {isa = PBXFileReference; lastKnownFileType = file.usdz; path = deer.usdz; sourceTree = "<group>"; };
		2AB1994D2784F7D0006E3831 /* peacock.usdz */ = {isa = PBXFileReference; lastKnownFileType = file.usdz; path = peacock.usdz; sourceTree = "<group>"; };
		2AB1994E2784F7D0006E3831 /* cat.usdz */ = {isa = PBXFileReference; lastKnownFileType = file.usdz; path = cat.usdz; sourceTree = "<group>"; };
		2AB199582784FCAF006E3831 /* rabbit.usdz */ = {isa = PBXFileReference; lastKnownFileType = file.usdz; path = rabbit.usdz; sourceTree = "<group>"; };
		2AB1995A2784FF18006E3831 /* lion.usdz */ = {isa = PBXFileReference; lastKnownFileType = file.usdz; path = lion.usdz; sourceTree = "<group>"; };
		2AD7E3332785BC92005A332C /* UserView.swift */ = {isa = PBXFileReference; lastKnownFileType = sourcecode.swift; path = UserView.swift; sourceTree = "<group>"; };
		2AD7E3352785D5CB005A332C /* ConfidenceCardView.swift */ = {isa = PBXFileReference; lastKnownFileType = sourcecode.swift; path = ConfidenceCardView.swift; sourceTree = "<group>"; };
/* End PBXFileReference section */

/* Begin PBXFrameworksBuildPhase section */
		2AB19919278498EC006E3831 /* Frameworks */ = {
			isa = PBXFrameworksBuildPhase;
			buildActionMask = 2147483647;
			files = (
				2AB1993327849933006E3831 /* MultipeerSession in Frameworks */,
			);
			runOnlyForDeploymentPostprocessing = 0;
		};
/* End PBXFrameworksBuildPhase section */

/* Begin PBXGroup section */
		2AB19913278498EC006E3831 = {
			isa = PBXGroup;
			children = (
				2AB1991E278498EC006E3831 /* atsumARe */,
				2AB1991D278498EC006E3831 /* Products */,
			);
			sourceTree = "<group>";
		};
		2AB1991D278498EC006E3831 /* Products */ = {
			isa = PBXGroup;
			children = (
				2AB1991C278498EC006E3831 /* atsumARe.app */,
			);
			name = Products;
			sourceTree = "<group>";
		};
		2AB1991E278498EC006E3831 /* atsumARe */ = {
			isa = PBXGroup;
			children = (
				2AB1993427849984006E3831 /* Info.plist */,
				2AB1991F278498EC006E3831 /* AppDelegate.swift */,
				2AB19921278498EC006E3831 /* ContentView.swift */,
				2AD7E3332785BC92005A332C /* UserView.swift */,
				2AB1992F27849920006E3831 /* ARViewController.swift */,
				2AB199422784E0F8006E3831 /* PlacementButtonsView.swift */,
				2AD7E3352785D5CB005A332C /* ConfidenceCardView.swift */,
				2AB199442784E153006E3831 /* ModelPickerView.swift */,
				2AB199402784D8F0006E3831 /* Model.swift */,
				2AB19925278498ED006E3831 /* Assets.xcassets */,
				2AB1993727849BC7006E3831 /* Models */,
				2AB19927278498ED006E3831 /* Preview Content */,
			);
			path = atsumARe;
			sourceTree = "<group>";
		};
		2AB19927278498ED006E3831 /* Preview Content */ = {
			isa = PBXGroup;
			children = (
				2AB19928278498ED006E3831 /* Preview Assets.xcassets */,
			);
			path = "Preview Content";
			sourceTree = "<group>";
		};
		2AB1993727849BC7006E3831 /* Models */ = {
			isa = PBXGroup;
			children = (
				2AB1995A2784FF18006E3831 /* lion.usdz */,
				2AB199582784FCAF006E3831 /* rabbit.usdz */,
				2AB199472784F7CF006E3831 /* bear.usdz */,
				2AB1994E2784F7D0006E3831 /* cat.usdz */,
				2AB1994B2784F7CF006E3831 /* deer.usdz */,
				2AB199492784F7CF006E3831 /* dog.usdz */,
				2AB199462784F7CE006E3831 /* goat.usdz */,
				2AB1994A2784F7CF006E3831 /* owl.usdz */,
				2AB1994D2784F7D0006E3831 /* peacock.usdz */,
				2AB199482784F7CF006E3831 /* wolf.usdz */,
				2AB1993A27849BE6006E3831 /* toy_biplane.usdz */,
				2AB1993827849BE5006E3831 /* toy_robot_vintage.usdz */,
			);
			path = Models;
			sourceTree = "<group>";
		};
/* End PBXGroup section */

/* Begin PBXNativeTarget section */
		2AB1991B278498EC006E3831 /* atsumARe */ = {
			isa = PBXNativeTarget;
			buildConfigurationList = 2AB1992C278498ED006E3831 /* Build configuration list for PBXNativeTarget "atsumARe" */;
			buildPhases = (
				2AB19918278498EC006E3831 /* Sources */,
				2AB19919278498EC006E3831 /* Frameworks */,
				2AB1991A278498EC006E3831 /* Resources */,
			);
			buildRules = (
			);
			dependencies = (
			);
			name = atsumARe;
			packageProductDependencies = (
				2AB1993227849933006E3831 /* MultipeerSession */,
			);
			productName = atsumARe;
			productReference = 2AB1991C278498EC006E3831 /* atsumARe.app */;
			productType = "com.apple.product-type.application";
		};
/* End PBXNativeTarget section */

/* Begin PBXProject section */
		2AB19914278498EC006E3831 /* Project object */ = {
			isa = PBXProject;
			attributes = {
				BuildIndependentTargetsInParallel = 1;
				LastSwiftUpdateCheck = 1320;
				LastUpgradeCheck = 1320;
				TargetAttributes = {
					2AB1991B278498EC006E3831 = {
						CreatedOnToolsVersion = 13.2.1;
					};
				};
			};
			buildConfigurationList = 2AB19917278498EC006E3831 /* Build configuration list for PBXProject "atsumARe" */;
			compatibilityVersion = "Xcode 13.0";
			developmentRegion = en;
			hasScannedForEncodings = 0;
			knownRegions = (
				en,
				Base,
			);
			mainGroup = 2AB19913278498EC006E3831;
			packageReferences = (
				2AB1993127849933006E3831 /* XCRemoteSwiftPackageReference "multipeer-session" */,
			);
			productRefGroup = 2AB1991D278498EC006E3831 /* Products */;
			projectDirPath = "";
			projectRoot = "";
			targets = (
				2AB1991B278498EC006E3831 /* atsumARe */,
			);
		};
/* End PBXProject section */

/* Begin PBXResourcesBuildPhase section */
		2AB1991A278498EC006E3831 /* Resources */ = {
			isa = PBXResourcesBuildPhase;
			buildActionMask = 2147483647;
			files = (
				2AB1993D27849BE6006E3831 /* toy_biplane.usdz in Resources */,
				2AB199542784F7D0006E3831 /* deer.usdz in Resources */,
				2AB199592784FCAF006E3831 /* rabbit.usdz in Resources */,
				2AB1994F2784F7D0006E3831 /* goat.usdz in Resources */,
				2AB1993B27849BE6006E3831 /* toy_robot_vintage.usdz in Resources */,
				2AB199532784F7D0006E3831 /* owl.usdz in Resources */,
				2AB199522784F7D0006E3831 /* dog.usdz in Resources */,
				2AB199512784F7D0006E3831 /* wolf.usdz in Resources */,
				2AB19929278498ED006E3831 /* Preview Assets.xcassets in Resources */,
				2AB199562784F7D0006E3831 /* peacock.usdz in Resources */,
				2AB19926278498ED006E3831 /* Assets.xcassets in Resources */,
				2AB199502784F7D0006E3831 /* bear.usdz in Resources */,
				2AB199572784F7D0006E3831 /* cat.usdz in Resources */,
				2AB1995B2784FF18006E3831 /* lion.usdz in Resources */,
			);
			runOnlyForDeploymentPostprocessing = 0;
		};
/* End PBXResourcesBuildPhase section */

/* Begin PBXSourcesBuildPhase section */
		2AB19918278498EC006E3831 /* Sources */ = {
			isa = PBXSourcesBuildPhase;
			buildActionMask = 2147483647;
			files = (
				2AB1993027849920006E3831 /* ARViewController.swift in Sources */,
				2AB199432784E0F8006E3831 /* PlacementButtonsView.swift in Sources */,
				2AB199452784E153006E3831 /* ModelPickerView.swift in Sources */,
				2AB19922278498EC006E3831 /* ContentView.swift in Sources */,
				2AB19920278498EC006E3831 /* AppDelegate.swift in Sources */,
				2AB199412784D8F0006E3831 /* Model.swift in Sources */,
				2AD7E3362785D5CB005A332C /* ConfidenceCardView.swift in Sources */,
				2AD7E3342785BC92005A332C /* UserView.swift in Sources */,
			);
			runOnlyForDeploymentPostprocessing = 0;
		};
/* End PBXSourcesBuildPhase section */

/* Begin XCBuildConfiguration section */
		2AB1992A278498ED006E3831 /* Debug */ = {
			isa = XCBuildConfiguration;
			buildSettings = {
				ALWAYS_SEARCH_USER_PATHS = NO;
				CLANG_ANALYZER_NONNULL = YES;
				CLANG_ANALYZER_NUMBER_OBJECT_CONVERSION = YES_AGGRESSIVE;
				CLANG_CXX_LANGUAGE_STANDARD = "gnu++17";
				CLANG_CXX_LIBRARY = "libc++";
				CLANG_ENABLE_MODULES = YES;
				CLANG_ENABLE_OBJC_ARC = YES;
				CLANG_ENABLE_OBJC_WEAK = YES;
				CLANG_WARN_BLOCK_CAPTURE_AUTORELEASING = YES;
				CLANG_WARN_BOOL_CONVERSION = YES;
				CLANG_WARN_COMMA = YES;
				CLANG_WARN_CONSTANT_CONVERSION = YES;
				CLANG_WARN_DEPRECATED_OBJC_IMPLEMENTATIONS = YES;
				CLANG_WARN_DIRECT_OBJC_ISA_USAGE = YES_ERROR;
				CLANG_WARN_DOCUMENTATION_COMMENTS = YES;
				CLANG_WARN_EMPTY_BODY = YES;
				CLANG_WARN_ENUM_CONVERSION = YES;
				CLANG_WARN_INFINITE_RECURSION = YES;
				CLANG_WARN_INT_CONVERSION = YES;
				CLANG_WARN_NON_LITERAL_NULL_CONVERSION = YES;
				CLANG_WARN_OBJC_IMPLICIT_RETAIN_SELF = YES;
				CLANG_WARN_OBJC_LITERAL_CONVERSION = YES;
				CLANG_WARN_OBJC_ROOT_CLASS = YES_ERROR;
				CLANG_WARN_QUOTED_INCLUDE_IN_FRAMEWORK_HEADER = YES;
				CLANG_WARN_RANGE_LOOP_ANALYSIS = YES;
				CLANG_WARN_STRICT_PROTOTYPES = YES;
				CLANG_WARN_SUSPICIOUS_MOVE = YES;
				CLANG_WARN_UNGUARDED_AVAILABILITY = YES_AGGRESSIVE;
				CLANG_WARN_UNREACHABLE_CODE = YES;
				CLANG_WARN__DUPLICATE_METHOD_MATCH = YES;
				COPY_PHASE_STRIP = NO;
				DEBUG_INFORMATION_FORMAT = dwarf;
				ENABLE_STRICT_OBJC_MSGSEND = YES;
				ENABLE_TESTABILITY = YES;
				GCC_C_LANGUAGE_STANDARD = gnu11;
				GCC_DYNAMIC_NO_PIC = NO;
				GCC_NO_COMMON_BLOCKS = YES;
				GCC_OPTIMIZATION_LEVEL = 0;
				GCC_PREPROCESSOR_DEFINITIONS = (
					"DEBUG=1",
					"$(inherited)",
				);
				GCC_WARN_64_TO_32_BIT_CONVERSION = YES;
				GCC_WARN_ABOUT_RETURN_TYPE = YES_ERROR;
				GCC_WARN_UNDECLARED_SELECTOR = YES;
				GCC_WARN_UNINITIALIZED_AUTOS = YES_AGGRESSIVE;
				GCC_WARN_UNUSED_FUNCTION = YES;
				GCC_WARN_UNUSED_VARIABLE = YES;
				IPHONEOS_DEPLOYMENT_TARGET = 15.2;
				MTL_ENABLE_DEBUG_INFO = INCLUDE_SOURCE;
				MTL_FAST_MATH = YES;
				ONLY_ACTIVE_ARCH = YES;
				SDKROOT = iphoneos;
				SWIFT_ACTIVE_COMPILATION_CONDITIONS = DEBUG;
				SWIFT_OPTIMIZATION_LEVEL = "-Onone";
			};
			name = Debug;
		};
		2AB1992B278498ED006E3831 /* Release */ = {
			isa = XCBuildConfiguration;
			buildSettings = {
				ALWAYS_SEARCH_USER_PATHS = NO;
				CLANG_ANALYZER_NONNULL = YES;
				CLANG_ANALYZER_NUMBER_OBJECT_CONVERSION = YES_AGGRESSIVE;
				CLANG_CXX_LANGUAGE_STANDARD = "gnu++17";
				CLANG_CXX_LIBRARY = "libc++";
				CLANG_ENABLE_MODULES = YES;
				CLANG_ENABLE_OBJC_ARC = YES;
				CLANG_ENABLE_OBJC_WEAK = YES;
				CLANG_WARN_BLOCK_CAPTURE_AUTORELEASING = YES;
				CLANG_WARN_BOOL_CONVERSION = YES;
				CLANG_WARN_COMMA = YES;
				CLANG_WARN_CONSTANT_CONVERSION = YES;
				CLANG_WARN_DEPRECATED_OBJC_IMPLEMENTATIONS = YES;
				CLANG_WARN_DIRECT_OBJC_ISA_USAGE = YES_ERROR;
				CLANG_WARN_DOCUMENTATION_COMMENTS = YES;
				CLANG_WARN_EMPTY_BODY = YES;
				CLANG_WARN_ENUM_CONVERSION = YES;
				CLANG_WARN_INFINITE_RECURSION = YES;
				CLANG_WARN_INT_CONVERSION = YES;
				CLANG_WARN_NON_LITERAL_NULL_CONVERSION = YES;
				CLANG_WARN_OBJC_IMPLICIT_RETAIN_SELF = YES;
				CLANG_WARN_OBJC_LITERAL_CONVERSION = YES;
				CLANG_WARN_OBJC_ROOT_CLASS = YES_ERROR;
				CLANG_WARN_QUOTED_INCLUDE_IN_FRAMEWORK_HEADER = YES;
				CLANG_WARN_RANGE_LOOP_ANALYSIS = YES;
				CLANG_WARN_STRICT_PROTOTYPES = YES;
				CLANG_WARN_SUSPICIOUS_MOVE = YES;
				CLANG_WARN_UNGUARDED_AVAILABILITY = YES_AGGRESSIVE;
				CLANG_WARN_UNREACHABLE_CODE = YES;
				CLANG_WARN__DUPLICATE_METHOD_MATCH = YES;
				COPY_PHASE_STRIP = NO;
				DEBUG_INFORMATION_FORMAT = "dwarf-with-dsym";
				ENABLE_NS_ASSERTIONS = NO;
				ENABLE_STRICT_OBJC_MSGSEND = YES;
				GCC_C_LANGUAGE_STANDARD = gnu11;
				GCC_NO_COMMON_BLOCKS = YES;
				GCC_WARN_64_TO_32_BIT_CONVERSION = YES;
				GCC_WARN_ABOUT_RETURN_TYPE = YES_ERROR;
				GCC_WARN_UNDECLARED_SELECTOR = YES;
				GCC_WARN_UNINITIALIZED_AUTOS = YES_AGGRESSIVE;
				GCC_WARN_UNUSED_FUNCTION = YES;
				GCC_WARN_UNUSED_VARIABLE = YES;
				IPHONEOS_DEPLOYMENT_TARGET = 15.2;
				MTL_ENABLE_DEBUG_INFO = NO;
				MTL_FAST_MATH = YES;
				SDKROOT = iphoneos;
				SWIFT_COMPILATION_MODE = wholemodule;
				SWIFT_OPTIMIZATION_LEVEL = "-O";
				VALIDATE_PRODUCT = YES;
			};
			name = Release;
		};
		2AB1992D278498ED006E3831 /* Debug */ = {
			isa = XCBuildConfiguration;
			buildSettings = {
				ASSETCATALOG_COMPILER_APPICON_NAME = AppIcon;
				ASSETCATALOG_COMPILER_GLOBAL_ACCENT_COLOR_NAME = AccentColor;
				CODE_SIGN_STYLE = Automatic;
				CURRENT_PROJECT_VERSION = 1;
				DEVELOPMENT_ASSET_PATHS = "\"atsumARe/Preview Content\"";
				DEVELOPMENT_TEAM = SG82G2KB7R;
				ENABLE_PREVIEWS = YES;
				GENERATE_INFOPLIST_FILE = YES;
				INFOPLIST_FILE = atsumARe/Info.plist;
				INFOPLIST_KEY_NSCameraUsageDescription = "";
				INFOPLIST_KEY_NSLocalNetworkUsageDescription = "This app will use local networking to discover nearby devices.";
				INFOPLIST_KEY_UIApplicationSupportsIndirectInputEvents = YES;
				INFOPLIST_KEY_UILaunchScreen_Generation = YES;
				INFOPLIST_KEY_UIRequiredDeviceCapabilities = arkit;
				INFOPLIST_KEY_UIStatusBarHidden = YES;
				INFOPLIST_KEY_UISupportedInterfaceOrientations_iPad = "UIInterfaceOrientationPortrait UIInterfaceOrientationPortraitUpsideDown UIInterfaceOrientationLandscapeLeft UIInterfaceOrientationLandscapeRight";
				INFOPLIST_KEY_UISupportedInterfaceOrientations_iPhone = "UIInterfaceOrientationPortrait UIInterfaceOrientationLandscapeLeft UIInterfaceOrientationLandscapeRight";
				IPHONEOS_DEPLOYMENT_TARGET = 15.0;
				LD_RUNPATH_SEARCH_PATHS = (
					"$(inherited)",
					"@executable_path/Frameworks",
				);
				MARKETING_VERSION = 1.0;
				PRODUCT_BUNDLE_IDENTIFIER = KaiProductions.atsumARe;
				PRODUCT_NAME = "$(TARGET_NAME)";
				SWIFT_EMIT_LOC_STRINGS = YES;
				SWIFT_VERSION = 5.0;
				TARGETED_DEVICE_FAMILY = "1,2";
			};
			name = Debug;
		};
		2AB1992E278498ED006E3831 /* Release */ = {
			isa = XCBuildConfiguration;
			buildSettings = {
				ASSETCATALOG_COMPILER_APPICON_NAME = AppIcon;
				ASSETCATALOG_COMPILER_GLOBAL_ACCENT_COLOR_NAME = AccentColor;
				CODE_SIGN_STYLE = Automatic;
				CURRENT_PROJECT_VERSION = 1;
				DEVELOPMENT_ASSET_PATHS = "\"atsumARe/Preview Content\"";
				DEVELOPMENT_TEAM = SG82G2KB7R;
				ENABLE_PREVIEWS = YES;
				GENERATE_INFOPLIST_FILE = YES;
				INFOPLIST_FILE = atsumARe/Info.plist;
				INFOPLIST_KEY_NSCameraUsageDescription = "";
				INFOPLIST_KEY_NSLocalNetworkUsageDescription = "This app will use local networking to discover nearby devices.";
				INFOPLIST_KEY_UIApplicationSupportsIndirectInputEvents = YES;
				INFOPLIST_KEY_UILaunchScreen_Generation = YES;
				INFOPLIST_KEY_UIRequiredDeviceCapabilities = arkit;
				INFOPLIST_KEY_UIStatusBarHidden = YES;
				INFOPLIST_KEY_UISupportedInterfaceOrientations_iPad = "UIInterfaceOrientationPortrait UIInterfaceOrientationPortraitUpsideDown UIInterfaceOrientationLandscapeLeft UIInterfaceOrientationLandscapeRight";
				INFOPLIST_KEY_UISupportedInterfaceOrientations_iPhone = "UIInterfaceOrientationPortrait UIInterfaceOrientationLandscapeLeft UIInterfaceOrientationLandscapeRight";
				IPHONEOS_DEPLOYMENT_TARGET = 15.0;
				LD_RUNPATH_SEARCH_PATHS = (
					"$(inherited)",
					"@executable_path/Frameworks",
				);
				MARKETING_VERSION = 1.0;
				PRODUCT_BUNDLE_IDENTIFIER = KaiProductions.atsumARe;
				PRODUCT_NAME = "$(TARGET_NAME)";
				SWIFT_EMIT_LOC_STRINGS = YES;
				SWIFT_VERSION = 5.0;
				TARGETED_DEVICE_FAMILY = "1,2";
			};
			name = Release;
		};
/* End XCBuildConfiguration section */

/* Begin XCConfigurationList section */
		2AB19917278498EC006E3831 /* Build configuration list for PBXProject "atsumARe" */ = {
			isa = XCConfigurationList;
			buildConfigurations = (
				2AB1992A278498ED006E3831 /* Debug */,
				2AB1992B278498ED006E3831 /* Release */,
			);
			defaultConfigurationIsVisible = 0;
			defaultConfigurationName = Release;
		};
		2AB1992C278498ED006E3831 /* Build configuration list for PBXNativeTarget "atsumARe" */ = {
			isa = XCConfigurationList;
			buildConfigurations = (
				2AB1992D278498ED006E3831 /* Debug */,
				2AB1992E278498ED006E3831 /* Release */,
			);
			defaultConfigurationIsVisible = 0;
			defaultConfigurationName = Release;
		};
/* End XCConfigurationList section */

/* Begin XCRemoteSwiftPackageReference section */
		2AB1993127849933006E3831 /* XCRemoteSwiftPackageReference "multipeer-session" */ = {
			isa = XCRemoteSwiftPackageReference;
			repositoryURL = "https://github.com/AddedLayer/multipeer-session";
			requirement = {
				kind = upToNextMajorVersion;
				minimumVersion = 1.0.0;
			};
		};
/* End XCRemoteSwiftPackageReference section */

/* Begin XCSwiftPackageProductDependency section */
		2AB1993227849933006E3831 /* MultipeerSession */ = {
			isa = XCSwiftPackageProductDependency;
			package = 2AB1993127849933006E3831 /* XCRemoteSwiftPackageReference "multipeer-session" */;
			productName = MultipeerSession;
		};
/* End XCSwiftPackageProductDependency section */
	};
	rootObject = 2AB19914278498EC006E3831 /* Project object */;
}
